// !$*UTF8*$!
{
	archiveVersion = 1;
	classes = {
	};
	objectVersion = 50;
	objects = {

/* Begin PBXBuildFile section */
		FF4A1446256DCCAF00B484C1 /* AppDelegate.swift in Sources */ = {isa = PBXBuildFile; fileRef = FF4A1445256DCCAF00B484C1 /* AppDelegate.swift */; };
		FF4A1448256DCCAF00B484C1 /* SceneDelegate.swift in Sources */ = {isa = PBXBuildFile; fileRef = FF4A1447256DCCAF00B484C1 /* SceneDelegate.swift */; };
		FF4A144A256DCCAF00B484C1 /* IntroductionViewController.swift in Sources */ = {isa = PBXBuildFile; fileRef = FF4A1449256DCCAF00B484C1 /* IntroductionViewController.swift */; };
		FF4A144D256DCCAF00B484C1 /* Main.storyboard in Resources */ = {isa = PBXBuildFile; fileRef = FF4A144B256DCCAF00B484C1 /* Main.storyboard */; };
		FF4A144F256DCCB400B484C1 /* Assets.xcassets in Resources */ = {isa = PBXBuildFile; fileRef = FF4A144E256DCCB400B484C1 /* Assets.xcassets */; };
		FF4A1452256DCCB400B484C1 /* LaunchScreen.storyboard in Resources */ = {isa = PBXBuildFile; fileRef = FF4A1450256DCCB400B484C1 /* LaunchScreen.storyboard */; };
		FF4A145D256DCCB400B484C1 /* Personality_QuizTests.swift in Sources */ = {isa = PBXBuildFile; fileRef = FF4A145C256DCCB400B484C1 /* Personality_QuizTests.swift */; };
		FF4A1468256DCCB400B484C1 /* Personality_QuizUITests.swift in Sources */ = {isa = PBXBuildFile; fileRef = FF4A1467256DCCB400B484C1 /* Personality_QuizUITests.swift */; };
		FF4A1479257701F600B484C1 /* QuestionViewController.swift in Sources */ = {isa = PBXBuildFile; fileRef = FF4A1478257701F600B484C1 /* QuestionViewController.swift */; };
		FF4A147E257702A000B484C1 /* ResultsViewController.swift in Sources */ = {isa = PBXBuildFile; fileRef = FF4A147D257702A000B484C1 /* ResultsViewController.swift */; };
		FF4A1486257C77BC00B484C1 /* QuestionData.swift in Sources */ = {isa = PBXBuildFile; fileRef = FF4A1485257C77BC00B484C1 /* QuestionData.swift */; };
/* End PBXBuildFile section */

/* Begin PBXContainerItemProxy section */
		FF4A1459256DCCB400B484C1 /* PBXContainerItemProxy */ = {
			isa = PBXContainerItemProxy;
			containerPortal = FF4A143A256DCCAF00B484C1 /* Project object */;
			proxyType = 1;
			remoteGlobalIDString = FF4A1441256DCCAF00B484C1;
			remoteInfo = "Personality Quiz";
		};
		FF4A1464256DCCB400B484C1 /* PBXContainerItemProxy */ = {
			isa = PBXContainerItemProxy;
			containerPortal = FF4A143A256DCCAF00B484C1 /* Project object */;
			proxyType = 1;
			remoteGlobalIDString = FF4A1441256DCCAF00B484C1;
			remoteInfo = "Personality Quiz";
		};
/* End PBXContainerItemProxy section */

/* Begin PBXFileReference section */
		FF4A1442256DCCAF00B484C1 /* Personality Quiz.app */ = {isa = PBXFileReference; explicitFileType = wrapper.application; includeInIndex = 0; path = "Personality Quiz.app"; sourceTree = BUILT_PRODUCTS_DIR; };
		FF4A1445256DCCAF00B484C1 /* AppDelegate.swift */ = {isa = PBXFileReference; lastKnownFileType = sourcecode.swift; path = AppDelegate.swift; sourceTree = "<group>"; };
		FF4A1447256DCCAF00B484C1 /* SceneDelegate.swift */ = {isa = PBXFileReference; lastKnownFileType = sourcecode.swift; path = SceneDelegate.swift; sourceTree = "<group>"; };
		FF4A1449256DCCAF00B484C1 /* IntroductionViewController.swift */ = {isa = PBXFileReference; lastKnownFileType = sourcecode.swift; path = IntroductionViewController.swift; sourceTree = "<group>"; };
		FF4A144C256DCCAF00B484C1 /* Base */ = {isa = PBXFileReference; lastKnownFileType = file.storyboard; name = Base; path = Base.lproj/Main.storyboard; sourceTree = "<group>"; };
		FF4A144E256DCCB400B484C1 /* Assets.xcassets */ = {isa = PBXFileReference; lastKnownFileType = folder.assetcatalog; path = Assets.xcassets; sourceTree = "<group>"; };
		FF4A1451256DCCB400B484C1 /* Base */ = {isa = PBXFileReference; lastKnownFileType = file.storyboard; name = Base; path = Base.lproj/LaunchScreen.storyboard; sourceTree = "<group>"; };
		FF4A1453256DCCB400B484C1 /* Info.plist */ = {isa = PBXFileReference; lastKnownFileType = text.plist.xml; path = Info.plist; sourceTree = "<group>"; };
		FF4A1458256DCCB400B484C1 /* Personality QuizTests.xctest */ = {isa = PBXFileReference; explicitFileType = wrapper.cfbundle; includeInIndex = 0; path = "Personality QuizTests.xctest"; sourceTree = BUILT_PRODUCTS_DIR; };
		FF4A145C256DCCB400B484C1 /* Personality_QuizTests.swift */ = {isa = PBXFileReference; lastKnownFileType = sourcecode.swift; path = Personality_QuizTests.swift; sourceTree = "<group>"; };
		FF4A145E256DCCB400B484C1 /* Info.plist */ = {isa = PBXFileReference; lastKnownFileType = text.plist.xml; path = Info.plist; sourceTree = "<group>"; };
		FF4A1463256DCCB400B484C1 /* Personality QuizUITests.xctest */ = {isa = PBXFileReference; explicitFileType = wrapper.cfbundle; includeInIndex = 0; path = "Personality QuizUITests.xctest"; sourceTree = BUILT_PRODUCTS_DIR; };
		FF4A1467256DCCB400B484C1 /* Personality_QuizUITests.swift */ = {isa = PBXFileReference; lastKnownFileType = sourcecode.swift; path = Personality_QuizUITests.swift; sourceTree = "<group>"; };
		FF4A1469256DCCB400B484C1 /* Info.plist */ = {isa = PBXFileReference; lastKnownFileType = text.plist.xml; path = Info.plist; sourceTree = "<group>"; };
		FF4A1478257701F600B484C1 /* QuestionViewController.swift */ = {isa = PBXFileReference; lastKnownFileType = sourcecode.swift; path = QuestionViewController.swift; sourceTree = "<group>"; };
		FF4A147D257702A000B484C1 /* ResultsViewController.swift */ = {isa = PBXFileReference; lastKnownFileType = sourcecode.swift; path = ResultsViewController.swift; sourceTree = "<group>"; };
		FF4A1485257C77BC00B484C1 /* QuestionData.swift */ = {isa = PBXFileReference; lastKnownFileType = sourcecode.swift; path = QuestionData.swift; sourceTree = "<group>"; };
/* End PBXFileReference section */

/* Begin PBXFrameworksBuildPhase section */
		FF4A143F256DCCAF00B484C1 /* Frameworks */ = {
			isa = PBXFrameworksBuildPhase;
			buildActionMask = 2147483647;
			files = (
			);
			runOnlyForDeploymentPostprocessing = 0;
		};
		FF4A1455256DCCB400B484C1 /* Frameworks */ = {
			isa = PBXFrameworksBuildPhase;
			buildActionMask = 2147483647;
			files = (
			);
			runOnlyForDeploymentPostprocessing = 0;
		};
		FF4A1460256DCCB400B484C1 /* Frameworks */ = {
			isa = PBXFrameworksBuildPhase;
			buildActionMask = 2147483647;
			files = (
			);
			runOnlyForDeploymentPostprocessing = 0;
		};
/* End PBXFrameworksBuildPhase section */

/* Begin PBXGroup section */
		FF4A1439256DCCAF00B484C1 = {
			isa = PBXGroup;
			children = (
				FF4A1444256DCCAF00B484C1 /* Personality Quiz */,
				FF4A145B256DCCB400B484C1 /* Personality QuizTests */,
				FF4A1466256DCCB400B484C1 /* Personality QuizUITests */,
				FF4A1443256DCCAF00B484C1 /* Products */,
			);
			sourceTree = "<group>";
		};
		FF4A1443256DCCAF00B484C1 /* Products */ = {
			isa = PBXGroup;
			children = (
				FF4A1442256DCCAF00B484C1 /* Personality Quiz.app */,
				FF4A1458256DCCB400B484C1 /* Personality QuizTests.xctest */,
				FF4A1463256DCCB400B484C1 /* Personality QuizUITests.xctest */,
			);
			name = Products;
			sourceTree = "<group>";
		};
		FF4A1444256DCCAF00B484C1 /* Personality Quiz */ = {
			isa = PBXGroup;
			children = (
				FF4A1445256DCCAF00B484C1 /* AppDelegate.swift */,
				FF4A1447256DCCAF00B484C1 /* SceneDelegate.swift */,
				FF4A1449256DCCAF00B484C1 /* IntroductionViewController.swift */,
				FF4A1478257701F600B484C1 /* QuestionViewController.swift */,
				FF4A147D257702A000B484C1 /* ResultsViewController.swift */,
				FF4A144B256DCCAF00B484C1 /* Main.storyboard */,
				FF4A144E256DCCB400B484C1 /* Assets.xcassets */,
				FF4A1450256DCCB400B484C1 /* LaunchScreen.storyboard */,
				FF4A1453256DCCB400B484C1 /* Info.plist */,
				FF4A1485257C77BC00B484C1 /* QuestionData.swift */,
			);
			path = "Personality Quiz";
			sourceTree = "<group>";
		};
		FF4A145B256DCCB400B484C1 /* Personality QuizTests */ = {
			isa = PBXGroup;
			children = (
				FF4A145C256DCCB400B484C1 /* Personality_QuizTests.swift */,
				FF4A145E256DCCB400B484C1 /* Info.plist */,
			);
			path = "Personality QuizTests";
			sourceTree = "<group>";
		};
		FF4A1466256DCCB400B484C1 /* Personality QuizUITests */ = {
			isa = PBXGroup;
			children = (
				FF4A1467256DCCB400B484C1 /* Personality_QuizUITests.swift */,
				FF4A1469256DCCB400B484C1 /* Info.plist */,
			);
			path = "Personality QuizUITests";
			sourceTree = "<group>";
		};
/* End PBXGroup section */

/* Begin PBXNativeTarget section */
		FF4A1441256DCCAF00B484C1 /* Personality Quiz */ = {
			isa = PBXNativeTarget;
			buildConfigurationList = FF4A146C256DCCB400B484C1 /* Build configuration list for PBXNativeTarget "Personality Quiz" */;
			buildPhases = (
				FF4A143E256DCCAF00B484C1 /* Sources */,
				FF4A143F256DCCAF00B484C1 /* Frameworks */,
				FF4A1440256DCCAF00B484C1 /* Resources */,
			);
			buildRules = (
			);
			dependencies = (
			);
			name = "Personality Quiz";
			productName = "Personality Quiz";
			productReference = FF4A1442256DCCAF00B484C1 /* Personality Quiz.app */;
			productType = "com.apple.product-type.application";
		};
		FF4A1457256DCCB400B484C1 /* Personality QuizTests */ = {
			isa = PBXNativeTarget;
			buildConfigurationList = FF4A146F256DCCB400B484C1 /* Build configuration list for PBXNativeTarget "Personality QuizTests" */;
			buildPhases = (
				FF4A1454256DCCB400B484C1 /* Sources */,
				FF4A1455256DCCB400B484C1 /* Frameworks */,
				FF4A1456256DCCB400B484C1 /* Resources */,
			);
			buildRules = (
			);
			dependencies = (
				FF4A145A256DCCB400B484C1 /* PBXTargetDependency */,
			);
			name = "Personality QuizTests";
			productName = "Personality QuizTests";
			productReference = FF4A1458256DCCB400B484C1 /* Personality QuizTests.xctest */;
			productType = "com.apple.product-type.bundle.unit-test";
		};
		FF4A1462256DCCB400B484C1 /* Personality QuizUITests */ = {
			isa = PBXNativeTarget;
			buildConfigurationList = FF4A1472256DCCB400B484C1 /* Build configuration list for PBXNativeTarget "Personality QuizUITests" */;
			buildPhases = (
				FF4A145F256DCCB400B484C1 /* Sources */,
				FF4A1460256DCCB400B484C1 /* Frameworks */,
				FF4A1461256DCCB400B484C1 /* Resources */,
			);
			buildRules = (
			);
			dependencies = (
				FF4A1465256DCCB400B484C1 /* PBXTargetDependency */,
			);
			name = "Personality QuizUITests";
			productName = "Personality QuizUITests";
			productReference = FF4A1463256DCCB400B484C1 /* Personality QuizUITests.xctest */;
			productType = "com.apple.product-type.bundle.ui-testing";
		};
/* End PBXNativeTarget section */

/* Begin PBXProject section */
		FF4A143A256DCCAF00B484C1 /* Project object */ = {
			isa = PBXProject;
			attributes = {
				LastSwiftUpdateCheck = 1220;
				LastUpgradeCheck = 1220;
				TargetAttributes = {
					FF4A1441256DCCAF00B484C1 = {
						CreatedOnToolsVersion = 12.2;
					};
					FF4A1457256DCCB400B484C1 = {
						CreatedOnToolsVersion = 12.2;
						TestTargetID = FF4A1441256DCCAF00B484C1;
					};
					FF4A1462256DCCB400B484C1 = {
						CreatedOnToolsVersion = 12.2;
						TestTargetID = FF4A1441256DCCAF00B484C1;
					};
				};
			};
			buildConfigurationList = FF4A143D256DCCAF00B484C1 /* Build configuration list for PBXProject "Personality Quiz" */;
			compatibilityVersion = "Xcode 9.3";
			developmentRegion = en;
			hasScannedForEncodings = 0;
			knownRegions = (
				en,
				Base,
			);
			mainGroup = FF4A1439256DCCAF00B484C1;
			productRefGroup = FF4A1443256DCCAF00B484C1 /* Products */;
			projectDirPath = "";
			projectRoot = "";
			targets = (
				FF4A1441256DCCAF00B484C1 /* Personality Quiz */,
				FF4A1457256DCCB400B484C1 /* Personality QuizTests */,
				FF4A1462256DCCB400B484C1 /* Personality QuizUITests */,
			);
		};
/* End PBXProject section */

/* Begin PBXResourcesBuildPhase section */
		FF4A1440256DCCAF00B484C1 /* Resources */ = {
			isa = PBXResourcesBuildPhase;
			buildActionMask = 2147483647;
			files = (
				FF4A1452256DCCB400B484C1 /* LaunchScreen.storyboard in Resources */,
				FF4A144F256DCCB400B484C1 /* Assets.xcassets in Resources */,
				FF4A144D256DCCAF00B484C1 /* Main.storyboard in Resources */,
			);
			runOnlyForDeploymentPostprocessing = 0;
		};
		FF4A1456256DCCB400B484C1 /* Resources */ = {
			isa = PBXResourcesBuildPhase;
			buildActionMask = 2147483647;
			files = (
			);
			runOnlyForDeploymentPostprocessing = 0;
		};
		FF4A1461256DCCB400B484C1 /* Resources */ = {
			isa = PBXResourcesBuildPhase;
			buildActionMask = 2147483647;
			files = (
			);
			runOnlyForDeploymentPostprocessing = 0;
		};
/* End PBXResourcesBuildPhase section */

/* Begin PBXSourcesBuildPhase section */
		FF4A143E256DCCAF00B484C1 /* Sources */ = {
			isa = PBXSourcesBuildPhase;
			buildActionMask = 2147483647;
			files = (
				FF4A144A256DCCAF00B484C1 /* IntroductionViewController.swift in Sources */,
				FF4A1446256DCCAF00B484C1 /* AppDelegate.swift in Sources */,
				FF4A1479257701F600B484C1 /* QuestionViewController.swift in Sources */,
				FF4A1486257C77BC00B484C1 /* QuestionData.swift in Sources */,
				FF4A147E257702A000B484C1 /* ResultsViewController.swift in Sources */,
				FF4A1448256DCCAF00B484C1 /* SceneDelegate.swift in Sources */,
			);
			runOnlyForDeploymentPostprocessing = 0;
		};
		FF4A1454256DCCB400B484C1 /* Sources */ = {
			isa = PBXSourcesBuildPhase;
			buildActionMask = 2147483647;
			files = (
				FF4A145D256DCCB400B484C1 /* Personality_QuizTests.swift in Sources */,
			);
			runOnlyForDeploymentPostprocessing = 0;
		};
		FF4A145F256DCCB400B484C1 /* Sources */ = {
			isa = PBXSourcesBuildPhase;
			buildActionMask = 2147483647;
			files = (
				FF4A1468256DCCB400B484C1 /* Personality_QuizUITests.swift in Sources */,
			);
			runOnlyForDeploymentPostprocessing = 0;
		};
/* End PBXSourcesBuildPhase section */

/* Begin PBXTargetDependency section */
		FF4A145A256DCCB400B484C1 /* PBXTargetDependency */ = {
			isa = PBXTargetDependency;
			target = FF4A1441256DCCAF00B484C1 /* Personality Quiz */;
			targetProxy = FF4A1459256DCCB400B484C1 /* PBXContainerItemProxy */;
		};
		FF4A1465256DCCB400B484C1 /* PBXTargetDependency */ = {
			isa = PBXTargetDependency;
			target = FF4A1441256DCCAF00B484C1 /* Personality Quiz */;
			targetProxy = FF4A1464256DCCB400B484C1 /* PBXContainerItemProxy */;
		};
/* End PBXTargetDependency section */

/* Begin PBXVariantGroup section */
		FF4A144B256DCCAF00B484C1 /* Main.storyboard */ = {
			isa = PBXVariantGroup;
			children = (
				FF4A144C256DCCAF00B484C1 /* Base */,
			);
			name = Main.storyboard;
			sourceTree = "<group>";
		};
		FF4A1450256DCCB400B484C1 /* LaunchScreen.storyboard */ = {
			isa = PBXVariantGroup;
			children = (
				FF4A1451256DCCB400B484C1 /* Base */,
			);
			name = LaunchScreen.storyboard;
			sourceTree = "<group>";
		};
/* End PBXVariantGroup section */

/* Begin XCBuildConfiguration section */
		FF4A146A256DCCB400B484C1 /* Debug */ = {
			isa = XCBuildConfiguration;
			buildSettings = {
				ALWAYS_SEARCH_USER_PATHS = NO;
				CLANG_ANALYZER_NONNULL = YES;
				CLANG_ANALYZER_NUMBER_OBJECT_CONVERSION = YES_AGGRESSIVE;
				CLANG_CXX_LANGUAGE_STANDARD = "gnu++14";
				CLANG_CXX_LIBRARY = "libc++";
				CLANG_ENABLE_MODULES = YES;
				CLANG_ENABLE_OBJC_ARC = YES;
				CLANG_ENABLE_OBJC_WEAK = YES;
				CLANG_WARN_BLOCK_CAPTURE_AUTORELEASING = YES;
				CLANG_WARN_BOOL_CONVERSION = YES;
				CLANG_WARN_COMMA = YES;
				CLANG_WARN_CONSTANT_CONVERSION = YES;
				CLANG_WARN_DEPRECATED_OBJC_IMPLEMENTATIONS = YES;
				CLANG_WARN_DIRECT_OBJC_ISA_USAGE = YES_ERROR;
				CLANG_WARN_DOCUMENTATION_COMMENTS = YES;
				CLANG_WARN_EMPTY_BODY = YES;
				CLANG_WARN_ENUM_CONVERSION = YES;
				CLANG_WARN_INFINITE_RECURSION = YES;
				CLANG_WARN_INT_CONVERSION = YES;
				CLANG_WARN_NON_LITERAL_NULL_CONVERSION = YES;
				CLANG_WARN_OBJC_IMPLICIT_RETAIN_SELF = YES;
				CLANG_WARN_OBJC_LITERAL_CONVERSION = YES;
				CLANG_WARN_OBJC_ROOT_CLASS = YES_ERROR;
				CLANG_WARN_QUOTED_INCLUDE_IN_FRAMEWORK_HEADER = YES;
				CLANG_WARN_RANGE_LOOP_ANALYSIS = YES;
				CLANG_WARN_STRICT_PROTOTYPES = YES;
				CLANG_WARN_SUSPICIOUS_MOVE = YES;
				CLANG_WARN_UNGUARDED_AVAILABILITY = YES_AGGRESSIVE;
				CLANG_WARN_UNREACHABLE_CODE = YES;
				CLANG_WARN__DUPLICATE_METHOD_MATCH = YES;
				COPY_PHASE_STRIP = NO;
				DEBUG_INFORMATION_FORMAT = dwarf;
				ENABLE_STRICT_OBJC_MSGSEND = YES;
				ENABLE_TESTABILITY = YES;
				GCC_C_LANGUAGE_STANDARD = gnu11;
				GCC_DYNAMIC_NO_PIC = NO;
				GCC_NO_COMMON_BLOCKS = YES;
				GCC_OPTIMIZATION_LEVEL = 0;
				GCC_PREPROCESSOR_DEFINITIONS = (
					"DEBUG=1",
					"$(inherited)",
				);
				GCC_WARN_64_TO_32_BIT_CONVERSION = YES;
				GCC_WARN_ABOUT_RETURN_TYPE = YES_ERROR;
				GCC_WARN_UNDECLARED_SELECTOR = YES;
				GCC_WARN_UNINITIALIZED_AUTOS = YES_AGGRESSIVE;
				GCC_WARN_UNUSED_FUNCTION = YES;
				GCC_WARN_UNUSED_VARIABLE = YES;
				IPHONEOS_DEPLOYMENT_TARGET = 14.2;
				MTL_ENABLE_DEBUG_INFO = INCLUDE_SOURCE;
				MTL_FAST_MATH = YES;
				ONLY_ACTIVE_ARCH = YES;
				SDKROOT = iphoneos;
				SWIFT_ACTIVE_COMPILATION_CONDITIONS = DEBUG;
				SWIFT_OPTIMIZATION_LEVEL = "-Onone";
			};
			name = Debug;
		};
		FF4A146B256DCCB400B484C1 /* Release */ = {
			isa = XCBuildConfiguration;
			buildSettings = {
				ALWAYS_SEARCH_USER_PATHS = NO;
				CLANG_ANALYZER_NONNULL = YES;
				CLANG_ANALYZER_NUMBER_OBJECT_CONVERSION = YES_AGGRESSIVE;
				CLANG_CXX_LANGUAGE_STANDARD = "gnu++14";
				CLANG_CXX_LIBRARY = "libc++";
				CLANG_ENABLE_MODULES = YES;
				CLANG_ENABLE_OBJC_ARC = YES;
				CLANG_ENABLE_OBJC_WEAK = YES;
				CLANG_WARN_BLOCK_CAPTURE_AUTORELEASING = YES;
				CLANG_WARN_BOOL_CONVERSION = YES;
				CLANG_WARN_COMMA = YES;
				CLANG_WARN_CONSTANT_CONVERSION = YES;
				CLANG_WARN_DEPRECATED_OBJC_IMPLEMENTATIONS = YES;
				CLANG_WARN_DIRECT_OBJC_ISA_USAGE = YES_ERROR;
				CLANG_WARN_DOCUMENTATION_COMMENTS = YES;
				CLANG_WARN_EMPTY_BODY = YES;
				CLANG_WARN_ENUM_CONVERSION = YES;
				CLANG_WARN_INFINITE_RECURSION = YES;
				CLANG_WARN_INT_CONVERSION = YES;
				CLANG_WARN_NON_LITERAL_NULL_CONVERSION = YES;
				CLANG_WARN_OBJC_IMPLICIT_RETAIN_SELF = YES;
				CLANG_WARN_OBJC_LITERAL_CONVERSION = YES;
				CLANG_WARN_OBJC_ROOT_CLASS = YES_ERROR;
				CLANG_WARN_QUOTED_INCLUDE_IN_FRAMEWORK_HEADER = YES;
				CLANG_WARN_RANGE_LOOP_ANALYSIS = YES;
				CLANG_WARN_STRICT_PROTOTYPES = YES;
				CLANG_WARN_SUSPICIOUS_MOVE = YES;
				CLANG_WARN_UNGUARDED_AVAILABILITY = YES_AGGRESSIVE;
				CLANG_WARN_UNREACHABLE_CODE = YES;
				CLANG_WARN__DUPLICATE_METHOD_MATCH = YES;
				COPY_PHASE_STRIP = NO;
				DEBUG_INFORMATION_FORMAT = "dwarf-with-dsym";
				ENABLE_NS_ASSERTIONS = NO;
				ENABLE_STRICT_OBJC_MSGSEND = YES;
				GCC_C_LANGUAGE_STANDARD = gnu11;
				GCC_NO_COMMON_BLOCKS = YES;
				GCC_WARN_64_TO_32_BIT_CONVERSION = YES;
				GCC_WARN_ABOUT_RETURN_TYPE = YES_ERROR;
				GCC_WARN_UNDECLARED_SELECTOR = YES;
				GCC_WARN_UNINITIALIZED_AUTOS = YES_AGGRESSIVE;
				GCC_WARN_UNUSED_FUNCTION = YES;
				GCC_WARN_UNUSED_VARIABLE = YES;
				IPHONEOS_DEPLOYMENT_TARGET = 14.2;
				MTL_ENABLE_DEBUG_INFO = NO;
				MTL_FAST_MATH = YES;
				SDKROOT = iphoneos;
				SWIFT_COMPILATION_MODE = wholemodule;
				SWIFT_OPTIMIZATION_LEVEL = "-O";
				VALIDATE_PRODUCT = YES;
			};
			name = Release;
		};
		FF4A146D256DCCB400B484C1 /* Debug */ = {
			isa = XCBuildConfiguration;
			buildSettings = {
				ASSETCATALOG_COMPILER_APPICON_NAME = AppIcon;
				ASSETCATALOG_COMPILER_GLOBAL_ACCENT_COLOR_NAME = AccentColor;
				CODE_SIGN_STYLE = Automatic;
				DEVELOPMENT_TEAM = LQ9893Y7DF;
				INFOPLIST_FILE = "Personality Quiz/Info.plist";
				LD_RUNPATH_SEARCH_PATHS = (
					"$(inherited)",
					"@executable_path/Frameworks",
				);
				PRODUCT_BUNDLE_IDENTIFIER = "com.JadaKlein.Personality-Quiz";
				PRODUCT_NAME = "$(TARGET_NAME)";
				SWIFT_VERSION = 5.0;
				TARGETED_DEVICE_FAMILY = "1,2";
			};
			name = Debug;
		};
		FF4A146E256DCCB400B484C1 /* Release */ = {
			isa = XCBuildConfiguration;
			buildSettings = {
				ASSETCATALOG_COMPILER_APPICON_NAME = AppIcon;
				ASSETCATALOG_COMPILER_GLOBAL_ACCENT_COLOR_NAME = AccentColor;
				CODE_SIGN_STYLE = Automatic;
				DEVELOPMENT_TEAM = LQ9893Y7DF;
				INFOPLIST_FILE = "Personality Quiz/Info.plist";
				LD_RUNPATH_SEARCH_PATHS = (
					"$(inherited)",
					"@executable_path/Frameworks",
				);
				PRODUCT_BUNDLE_IDENTIFIER = "com.JadaKlein.Personality-Quiz";
				PRODUCT_NAME = "$(TARGET_NAME)";
				SWIFT_VERSION = 5.0;
				TARGETED_DEVICE_FAMILY = "1,2";
			};
			name = Release;
		};
		FF4A1470256DCCB400B484C1 /* Debug */ = {
			isa = XCBuildConfiguration;
			buildSettings = {
				ALWAYS_EMBED_SWIFT_STANDARD_LIBRARIES = YES;
				BUNDLE_LOADER = "$(TEST_HOST)";
				CODE_SIGN_STYLE = Automatic;
				DEVELOPMENT_TEAM = LQ9893Y7DF;
				INFOPLIST_FILE = "Personality QuizTests/Info.plist";
				IPHONEOS_DEPLOYMENT_TARGET = 14.2;
				LD_RUNPATH_SEARCH_PATHS = (
					"$(inherited)",
					"@executable_path/Frameworks",
					"@loader_path/Frameworks",
				);
				PRODUCT_BUNDLE_IDENTIFIER = "com.JadaKlein.Personality-QuizTests";
				PRODUCT_NAME = "$(TARGET_NAME)";
				SWIFT_VERSION = 5.0;
				TARGETED_DEVICE_FAMILY = "1,2";
				TEST_HOST = "$(BUILT_PRODUCTS_DIR)/Personality Quiz.app/Personality Quiz";
			};
			name = Debug;
		};
		FF4A1471256DCCB400B484C1 /* Release */ = {
			isa = XCBuildConfiguration;
			buildSettings = {
				ALWAYS_EMBED_SWIFT_STANDARD_LIBRARIES = YES;
				BUNDLE_LOADER = "$(TEST_HOST)";
				CODE_SIGN_STYLE = Automatic;
				DEVELOPMENT_TEAM = LQ9893Y7DF;
				INFOPLIST_FILE = "Personality QuizTests/Info.plist";
				IPHONEOS_DEPLOYMENT_TARGET = 14.2;
				LD_RUNPATH_SEARCH_PATHS = (
					"$(inherited)",
					"@executable_path/Frameworks",
					"@loader_path/Frameworks",
				);
				PRODUCT_BUNDLE_IDENTIFIER = "com.JadaKlein.Personality-QuizTests";
				PRODUCT_NAME = "$(TARGET_NAME)";
				SWIFT_VERSION = 5.0;
				TARGETED_DEVICE_FAMILY = "1,2";
				TEST_HOST = "$(BUILT_PRODUCTS_DIR)/Personality Quiz.app/Personality Quiz";
			};
			name = Release;
		};
		FF4A1473256DCCB400B484C1 /* Debug */ = {
			isa = XCBuildConfiguration;
			buildSettings = {
				ALWAYS_EMBED_SWIFT_STANDARD_LIBRARIES = YES;
				CODE_SIGN_STYLE = Automatic;
				DEVELOPMENT_TEAM = LQ9893Y7DF;
				INFOPLIST_FILE = "Personality QuizUITests/Info.plist";
				LD_RUNPATH_SEARCH_PATHS = (
					"$(inherited)",
					"@executable_path/Frameworks",
					"@loader_path/Frameworks",
				);
				PRODUCT_BUNDLE_IDENTIFIER = "com.JadaKlein.Personality-QuizUITests";
				PRODUCT_NAME = "$(TARGET_NAME)";
				SWIFT_VERSION = 5.0;
				TARGETED_DEVICE_FAMILY = "1,2";
				TEST_TARGET_NAME = "Personality Quiz";
			};
			name = Debug;
		};
		FF4A1474256DCCB400B484C1 /* Release */ = {
			isa = XCBuildConfiguration;
			buildSettings = {
				ALWAYS_EMBED_SWIFT_STANDARD_LIBRARIES = YES;
				CODE_SIGN_STYLE = Automatic;
				DEVELOPMENT_TEAM = LQ9893Y7DF;
				INFOPLIST_FILE = "Personality QuizUITests/Info.plist";
				LD_RUNPATH_SEARCH_PATHS = (
					"$(inherited)",
					"@executable_path/Frameworks",
					"@loader_path/Frameworks",
				);
				PRODUCT_BUNDLE_IDENTIFIER = "com.JadaKlein.Personality-QuizUITests";
				PRODUCT_NAME = "$(TARGET_NAME)";
				SWIFT_VERSION = 5.0;
				TARGETED_DEVICE_FAMILY = "1,2";
				TEST_TARGET_NAME = "Personality Quiz";
			};
			name = Release;
		};
/* End XCBuildConfiguration section */

/* Begin XCConfigurationList section */
		FF4A143D256DCCAF00B484C1 /* Build configuration list for PBXProject "Personality Quiz" */ = {
			isa = XCConfigurationList;
			buildConfigurations = (
				FF4A146A256DCCB400B484C1 /* Debug */,
				FF4A146B256DCCB400B484C1 /* Release */,
			);
			defaultConfigurationIsVisible = 0;
			defaultConfigurationName = Release;
		};
		FF4A146C256DCCB400B484C1 /* Build configuration list for PBXNativeTarget "Personality Quiz" */ = {
			isa = XCConfigurationList;
			buildConfigurations = (
				FF4A146D256DCCB400B484C1 /* Debug */,
				FF4A146E256DCCB400B484C1 /* Release */,
			);
			defaultConfigurationIsVisible = 0;
			defaultConfigurationName = Release;
		};
		FF4A146F256DCCB400B484C1 /* Build configuration list for PBXNativeTarget "Personality QuizTests" */ = {
			isa = XCConfigurationList;
			buildConfigurations = (
				FF4A1470256DCCB400B484C1 /* Debug */,
				FF4A1471256DCCB400B484C1 /* Release */,
			);
			defaultConfigurationIsVisible = 0;
			defaultConfigurationName = Release;
		};
		FF4A1472256DCCB400B484C1 /* Build configuration list for PBXNativeTarget "Personality QuizUITests" */ = {
			isa = XCConfigurationList;
			buildConfigurations = (
				FF4A1473256DCCB400B484C1 /* Debug */,
				FF4A1474256DCCB400B484C1 /* Release */,
			);
			defaultConfigurationIsVisible = 0;
			defaultConfigurationName = Release;
		};
/* End XCConfigurationList section */
	};
	rootObject = FF4A143A256DCCAF00B484C1 /* Project object */;
}
